// !$*UTF8*$!
{
	archiveVersion = 1;
	classes = {
	};
	objectVersion = 46;
	objects = {

/* Begin PBXBuildFile section */
		BB4226011D37238100F91C07 /* AppDelegate.swift in Sources */ = {isa = PBXBuildFile; fileRef = BB4226001D37238100F91C07 /* AppDelegate.swift */; };
		BB4226031D37238100F91C07 /* TipCalcVC.swift in Sources */ = {isa = PBXBuildFile; fileRef = BB4226021D37238100F91C07 /* TipCalcVC.swift */; };
		BB4226061D37238100F91C07 /* Main.storyboard in Resources */ = {isa = PBXBuildFile; fileRef = BB4226041D37238100F91C07 /* Main.storyboard */; };
		BB4226081D37238100F91C07 /* Assets.xcassets in Resources */ = {isa = PBXBuildFile; fileRef = BB4226071D37238100F91C07 /* Assets.xcassets */; };
		BB42260B1D37238100F91C07 /* LaunchScreen.storyboard in Resources */ = {isa = PBXBuildFile; fileRef = BB4226091D37238100F91C07 /* LaunchScreen.storyboard */; };
		BB4226131D372CC300F91C07 /* StyledTextField.swift in Sources */ = {isa = PBXBuildFile; fileRef = BB4226121D372CC300F91C07 /* StyledTextField.swift */; };
		BB4226171D3741CD00F91C07 /* TipCalculator.swift in Sources */ = {isa = PBXBuildFile; fileRef = BB4226161D3741CD00F91C07 /* TipCalculator.swift */; };
/* End PBXBuildFile section */

/* Begin PBXFileReference section */
		BB4225FD1D37238100F91C07 /* Tipsy.app */ = {isa = PBXFileReference; explicitFileType = wrapper.application; includeInIndex = 0; path = Tipsy.app; sourceTree = BUILT_PRODUCTS_DIR; };
		BB4226001D37238100F91C07 /* AppDelegate.swift */ = {isa = PBXFileReference; lastKnownFileType = sourcecode.swift; path = AppDelegate.swift; sourceTree = "<group>"; };
		BB4226021D37238100F91C07 /* TipCalcVC.swift */ = {isa = PBXFileReference; lastKnownFileType = sourcecode.swift; path = TipCalcVC.swift; sourceTree = "<group>"; };
		BB4226051D37238100F91C07 /* Base */ = {isa = PBXFileReference; lastKnownFileType = file.storyboard; name = Base; path = Base.lproj/Main.storyboard; sourceTree = "<group>"; };
		BB4226071D37238100F91C07 /* Assets.xcassets */ = {isa = PBXFileReference; lastKnownFileType = folder.assetcatalog; path = Assets.xcassets; sourceTree = "<group>"; };
		BB42260A1D37238100F91C07 /* Base */ = {isa = PBXFileReference; lastKnownFileType = file.storyboard; name = Base; path = Base.lproj/LaunchScreen.storyboard; sourceTree = "<group>"; };
		BB42260C1D37238100F91C07 /* Info.plist */ = {isa = PBXFileReference; lastKnownFileType = text.plist.xml; path = Info.plist; sourceTree = "<group>"; };
		BB4226121D372CC300F91C07 /* StyledTextField.swift */ = {isa = PBXFileReference; fileEncoding = 4; lastKnownFileType = sourcecode.swift; path = StyledTextField.swift; sourceTree = "<group>"; };
		BB4226161D3741CD00F91C07 /* TipCalculator.swift */ = {isa = PBXFileReference; fileEncoding = 4; lastKnownFileType = sourcecode.swift; path = TipCalculator.swift; sourceTree = "<group>"; };
/* End PBXFileReference section */

/* Begin PBXFrameworksBuildPhase section */
		BB4225FA1D37238100F91C07 /* Frameworks */ = {
			isa = PBXFrameworksBuildPhase;
			buildActionMask = 2147483647;
			files = (
			);
			runOnlyForDeploymentPostprocessing = 0;
		};
/* End PBXFrameworksBuildPhase section */

/* Begin PBXGroup section */
		BB4225F41D37238100F91C07 = {
			isa = PBXGroup;
			children = (
				BB4225FF1D37238100F91C07 /* Tipsy */,
				BB4225FE1D37238100F91C07 /* Products */,
			);
			sourceTree = "<group>";
		};
		BB4225FE1D37238100F91C07 /* Products */ = {
			isa = PBXGroup;
			children = (
				BB4225FD1D37238100F91C07 /* Tipsy.app */,
			);
			name = Products;
			sourceTree = "<group>";
		};
		BB4225FF1D37238100F91C07 /* Tipsy */ = {
			isa = PBXGroup;
			children = (
				BB4226151D3741A600F91C07 /* Controllers */,
				BB4226141D37419E00F91C07 /* Model */,
				BB4226001D37238100F91C07 /* AppDelegate.swift */,
				BB4226041D37238100F91C07 /* Main.storyboard */,
				BB4226071D37238100F91C07 /* Assets.xcassets */,
				BB4226091D37238100F91C07 /* LaunchScreen.storyboard */,
				BB42260C1D37238100F91C07 /* Info.plist */,
				BB4226121D372CC300F91C07 /* StyledTextField.swift */,
			);
			path = Tipsy;
			sourceTree = "<group>";
		};
		BB4226141D37419E00F91C07 /* Model */ = {
			isa = PBXGroup;
			children = (
				BB4226161D3741CD00F91C07 /* TipCalculator.swift */,
			);
			name = Model;
			sourceTree = "<group>";
		};
		BB4226151D3741A600F91C07 /* Controllers */ = {
			isa = PBXGroup;
			children = (
				BB4226021D37238100F91C07 /* TipCalcVC.swift */,
			);
			name = Controllers;
			sourceTree = "<group>";
		};
/* End PBXGroup section */

/* Begin PBXNativeTarget section */
		BB4225FC1D37238100F91C07 /* Tipsy */ = {
			isa = PBXNativeTarget;
			buildConfigurationList = BB42260F1D37238100F91C07 /* Build configuration list for PBXNativeTarget "Tipsy" */;
			buildPhases = (
				BB4225F91D37238100F91C07 /* Sources */,
				BB4225FA1D37238100F91C07 /* Frameworks */,
				BB4225FB1D37238100F91C07 /* Resources */,
			);
			buildRules = (
			);
			dependencies = (
			);
			name = Tipsy;
			productName = Tipsy;
			productReference = BB4225FD1D37238100F91C07 /* Tipsy.app */;
			productType = "com.apple.product-type.application";
		};
/* End PBXNativeTarget section */

/* Begin PBXProject section */
		BB4225F51D37238100F91C07 /* Project object */ = {
			isa = PBXProject;
			attributes = {
				LastSwiftUpdateCheck = 0800;
				LastUpgradeCheck = 0800;
				ORGANIZATIONNAME = "Michel Besnard";
				TargetAttributes = {
					BB4225FC1D37238100F91C07 = {
						CreatedOnToolsVersion = 8.0;
						DevelopmentTeam = 3ACSJ6743M;
						DevelopmentTeamName = "Michel Besnard";
						ProvisioningStyle = Automatic;
					};
				};
			};
			buildConfigurationList = BB4225F81D37238100F91C07 /* Build configuration list for PBXProject "Tipsy" */;
			compatibilityVersion = "Xcode 3.2";
			developmentRegion = English;
			hasScannedForEncodings = 0;
			knownRegions = (
				en,
				Base,
			);
			mainGroup = BB4225F41D37238100F91C07;
			productRefGroup = BB4225FE1D37238100F91C07 /* Products */;
			projectDirPath = "";
			projectRoot = "";
			targets = (
				BB4225FC1D37238100F91C07 /* Tipsy */,
			);
		};
/* End PBXProject section */

/* Begin PBXResourcesBuildPhase section */
		BB4225FB1D37238100F91C07 /* Resources */ = {
			isa = PBXResourcesBuildPhase;
			buildActionMask = 2147483647;
			files = (
				BB42260B1D37238100F91C07 /* LaunchScreen.storyboard in Resources */,
				BB4226081D37238100F91C07 /* Assets.xcassets in Resources */,
				BB4226061D37238100F91C07 /* Main.storyboard in Resources */,
			);
			runOnlyForDeploymentPostprocessing = 0;
		};
/* End PBXResourcesBuildPhase section */

/* Begin PBXSourcesBuildPhase section */
		BB4225F91D37238100F91C07 /* Sources */ = {
			isa = PBXSourcesBuildPhase;
			buildActionMask = 2147483647;
			files = (
				BB4226031D37238100F91C07 /* TipCalcVC.swift in Sources */,
				BB4226171D3741CD00F91C07 /* TipCalculator.swift in Sources */,
				BB4226131D372CC300F91C07 /* StyledTextField.swift in Sources */,
				BB4226011D37238100F91C07 /* AppDelegate.swift in Sources */,
			);
			runOnlyForDeploymentPostprocessing = 0;
		};
/* End PBXSourcesBuildPhase section */

/* Begin PBXVariantGroup section */
		BB4226041D37238100F91C07 /* Main.storyboard */ = {
			isa = PBXVariantGroup;
			children = (
				BB4226051D37238100F91C07 /* Base */,
			);
			name = Main.storyboard;
			sourceTree = "<group>";
		};
		BB4226091D37238100F91C07 /* LaunchScreen.storyboard */ = {
			isa = PBXVariantGroup;
			children = (
				BB42260A1D37238100F91C07 /* Base */,
			);
			name = LaunchScreen.storyboard;
			sourceTree = "<group>";
		};
/* End PBXVariantGroup section */

/* Begin XCBuildConfiguration section */
		BB42260D1D37238100F91C07 /* Debug */ = {
			isa = XCBuildConfiguration;
			buildSettings = {
				ALWAYS_SEARCH_USER_PATHS = NO;
				CLANG_ANALYZER_NONNULL = YES;
				CLANG_CXX_LANGUAGE_STANDARD = "gnu++0x";
				CLANG_CXX_LIBRARY = "libc++";
				CLANG_ENABLE_MODULES = YES;
				CLANG_ENABLE_OBJC_ARC = YES;
				CLANG_WARN_BOOL_CONVERSION = YES;
				CLANG_WARN_CONSTANT_CONVERSION = YES;
				CLANG_WARN_DIRECT_OBJC_ISA_USAGE = YES_ERROR;
				CLANG_WARN_DOCUMENTATION_COMMENTS = YES;
				CLANG_WARN_EMPTY_BODY = YES;
				CLANG_WARN_ENUM_CONVERSION = YES;
				CLANG_WARN_INT_CONVERSION = YES;
				CLANG_WARN_OBJC_ROOT_CLASS = YES_ERROR;
				CLANG_WARN_UNREACHABLE_CODE = YES;
				CLANG_WARN__DUPLICATE_METHOD_MATCH = YES;
				"CODE_SIGN_IDENTITY[sdk=iphoneos*]" = "iPhone Developer";
				COPY_PHASE_STRIP = NO;
				DEBUG_INFORMATION_FORMAT = dwarf;
				ENABLE_STRICT_OBJC_MSGSEND = YES;
				ENABLE_TESTABILITY = YES;
				GCC_C_LANGUAGE_STANDARD = gnu99;
				GCC_DYNAMIC_NO_PIC = NO;
				GCC_NO_COMMON_BLOCKS = YES;
				GCC_OPTIMIZATION_LEVEL = 0;
				GCC_PREPROCESSOR_DEFINITIONS = (
					"DEBUG=1",
					"$(inherited)",
				);
				GCC_WARN_64_TO_32_BIT_CONVERSION = YES;
				GCC_WARN_ABOUT_RETURN_TYPE = YES_ERROR;
				GCC_WARN_UNDECLARED_SELECTOR = YES;
				GCC_WARN_UNINITIALIZED_AUTOS = YES_AGGRESSIVE;
				GCC_WARN_UNUSED_FUNCTION = YES;
				GCC_WARN_UNUSED_VARIABLE = YES;
				IPHONEOS_DEPLOYMENT_TARGET = 10.0;
				MTL_ENABLE_DEBUG_INFO = YES;
				ONLY_ACTIVE_ARCH = YES;
				SDKROOT = iphoneos;
				SWIFT_ACTIVE_COMPILATION_CONDITIONS = DEBUG;
				SWIFT_OPTIMIZATION_LEVEL = "-Onone";
				TARGETED_DEVICE_FAMILY = "1,2";
			};
			name = Debug;
		};
		BB42260E1D37238100F91C07 /* Release */ = {
			isa = XCBuildConfiguration;
			buildSettings = {
				ALWAYS_SEARCH_USER_PATHS = NO;
				CLANG_ANALYZER_NONNULL = YES;
				CLANG_CXX_LANGUAGE_STANDARD = "gnu++0x";
				CLANG_CXX_LIBRARY = "libc++";
				CLANG_ENABLE_MODULES = YES;
				CLANG_ENABLE_OBJC_ARC = YES;
				CLANG_WARN_BOOL_CONVERSION = YES;
				CLANG_WARN_CONSTANT_CONVERSION = YES;
				CLANG_WARN_DIRECT_OBJC_ISA_USAGE = YES_ERROR;
				CLANG_WARN_DOCUMENTATION_COMMENTS = YES;
				CLANG_WARN_EMPTY_BODY = YES;
				CLANG_WARN_ENUM_CONVERSION = YES;
				CLANG_WARN_INT_CONVERSION = YES;
				CLANG_WARN_OBJC_ROOT_CLASS = YES_ERROR;
				CLANG_WARN_UNREACHABLE_CODE = YES;
				CLANG_WARN__DUPLICATE_METHOD_MATCH = YES;
				"CODE_SIGN_IDENTITY[sdk=iphoneos*]" = "iPhone Developer";
				COPY_PHASE_STRIP = NO;
				DEBUG_INFORMATION_FORMAT = "dwarf-with-dsym";
				ENABLE_NS_ASSERTIONS = NO;
				ENABLE_STRICT_OBJC_MSGSEND = YES;
				GCC_C_LANGUAGE_STANDARD = gnu99;
				GCC_NO_COMMON_BLOCKS = YES;
				GCC_WARN_64_TO_32_BIT_CONVERSION = YES;
				GCC_WARN_ABOUT_RETURN_TYPE = YES_ERROR;
				GCC_WARN_UNDECLARED_SELECTOR = YES;
				GCC_WARN_UNINITIALIZED_AUTOS = YES_AGGRESSIVE;
				GCC_WARN_UNUSED_FUNCTION = YES;
				GCC_WARN_UNUSED_VARIABLE = YES;
				IPHONEOS_DEPLOYMENT_TARGET = 10.0;
				MTL_ENABLE_DEBUG_INFO = NO;
				SDKROOT = iphoneos;
				SWIFT_OPTIMIZATION_LEVEL = "-Owholemodule";
				TARGETED_DEVICE_FAMILY = "1,2";
				VALIDATE_PRODUCT = YES;
			};
			name = Release;
		};
		BB4226101D37238100F91C07 /* Debug */ = {
			isa = XCBuildConfiguration;
			buildSettings = {
				ASSETCATALOG_COMPILER_APPICON_NAME = AppIcon;
				INFOPLIST_FILE = Tipsy/Info.plist;
				LD_RUNPATH_SEARCH_PATHS = "$(inherited) @executable_path/Frameworks";
				PRODUCT_BUNDLE_IDENTIFIER = michel.besnard.Tipsy;
				PRODUCT_NAME = "$(TARGET_NAME)";
				SWIFT_VERSION = 3.0;
			};
			name = Debug;
		};
		BB4226111D37238100F91C07 /* Release */ = {
			isa = XCBuildConfiguration;
			buildSettings = {
				ASSETCATALOG_COMPILER_APPICON_NAME = AppIcon;
				INFOPLIST_FILE = Tipsy/Info.plist;
				LD_RUNPATH_SEARCH_PATHS = "$(inherited) @executable_path/Frameworks";
				PRODUCT_BUNDLE_IDENTIFIER = michel.besnard.Tipsy;
				PRODUCT_NAME = "$(TARGET_NAME)";
				SWIFT_VERSION = 3.0;
			};
			name = Release;
		};
/* End XCBuildConfiguration section */

/* Begin XCConfigurationList section */
		BB4225F81D37238100F91C07 /* Build configuration list for PBXProject "Tipsy" */ = {
			isa = XCConfigurationList;
			buildConfigurations = (
				BB42260D1D37238100F91C07 /* Debug */,
				BB42260E1D37238100F91C07 /* Release */,
			);
			defaultConfigurationIsVisible = 0;
			defaultConfigurationName = Release;
		};
		BB42260F1D37238100F91C07 /* Build configuration list for PBXNativeTarget "Tipsy" */ = {
			isa = XCConfigurationList;
			buildConfigurations = (
				BB4226101D37238100F91C07 /* Debug */,
				BB4226111D37238100F91C07 /* Release */,
			);
			defaultConfigurationIsVisible = 0;
		};
/* End XCConfigurationList section */
	};
	rootObject = BB4225F51D37238100F91C07 /* Project object */;
}
